// !$*UTF8*$!
{
	archiveVersion = 1;
	classes = {
	};
	objectVersion = 50;
	objects = {

/* Begin PBXBuildFile section */
		EC060C62219E0A2600BF9922 /* SuitSort.swift in Sources */ = {isa = PBXBuildFile; fileRef = EC060C5D219E0A2600BF9922 /* SuitSort.swift */; };
		EC060C63219E0A2600BF9922 /* SortAlgorithms.swift in Sources */ = {isa = PBXBuildFile; fileRef = EC060C5E219E0A2600BF9922 /* SortAlgorithms.swift */; };
		EC060C64219E0A2600BF9922 /* SortProtocol.swift in Sources */ = {isa = PBXBuildFile; fileRef = EC060C5F219E0A2600BF9922 /* SortProtocol.swift */; };
		EC060C65219E0A2600BF9922 /* SerialSort.swift in Sources */ = {isa = PBXBuildFile; fileRef = EC060C60219E0A2600BF9922 /* SerialSort.swift */; };
		EC060C66219E0A2600BF9922 /* SmartSort.swift in Sources */ = {isa = PBXBuildFile; fileRef = EC060C61219E0A2600BF9922 /* SmartSort.swift */; };
		EC060C6B219E0A6800BF9922 /* Assets.xcassets in Resources */ = {isa = PBXBuildFile; fileRef = EC060C68219E0A6800BF9922 /* Assets.xcassets */; };
		EC060C6C219E0A6800BF9922 /* AppDelegate.swift in Sources */ = {isa = PBXBuildFile; fileRef = EC060C6A219E0A6800BF9922 /* AppDelegate.swift */; };
		EC060C70219E0A9400BF9922 /* LaunchScreen.storyboard in Resources */ = {isa = PBXBuildFile; fileRef = EC060C6E219E0A9400BF9922 /* LaunchScreen.storyboard */; };
		EC060C71219E0A9400BF9922 /* Main.storyboard in Resources */ = {isa = PBXBuildFile; fileRef = EC060C6F219E0A9400BF9922 /* Main.storyboard */; };
		EC060C74219E0AAC00BF9922 /* DeckViewController.swift in Sources */ = {isa = PBXBuildFile; fileRef = EC060C73219E0AAC00BF9922 /* DeckViewController.swift */; };
		EC060C76219E385300BF9922 /* CGPoint.swift in Sources */ = {isa = PBXBuildFile; fileRef = EC060C75219E385300BF9922 /* CGPoint.swift */; };
		EC430109219DE5D300B5933D /* CardSortTests.swift in Sources */ = {isa = PBXBuildFile; fileRef = EC430108219DE5D300B5933D /* CardSortTests.swift */; };
		EC430122219DE60B00B5933D /* Dealor.swift in Sources */ = {isa = PBXBuildFile; fileRef = EC430116219DE60B00B5933D /* Dealor.swift */; };
		EC430123219DE60B00B5933D /* Card.swift in Sources */ = {isa = PBXBuildFile; fileRef = EC430117219DE60B00B5933D /* Card.swift */; };
		EC430124219DE60B00B5933D /* CardType.swift in Sources */ = {isa = PBXBuildFile; fileRef = EC430118219DE60B00B5933D /* CardType.swift */; };
		EC43012A219DE60B00B5933D /* Array.swift in Sources */ = {isa = PBXBuildFile; fileRef = EC43011F219DE60B00B5933D /* Array.swift */; };
		EC430130219DE95C00B5933D /* CardView.swift in Sources */ = {isa = PBXBuildFile; fileRef = EC43012E219DE95C00B5933D /* CardView.swift */; };
		EC430131219DE95C00B5933D /* CardView.xib in Resources */ = {isa = PBXBuildFile; fileRef = EC43012F219DE95C00B5933D /* CardView.xib */; };
/* End PBXBuildFile section */

/* Begin PBXContainerItemProxy section */
		EC430105219DE5D300B5933D /* PBXContainerItemProxy */ = {
			isa = PBXContainerItemProxy;
			containerPortal = EC4300E8219DE5D100B5933D /* Project object */;
			proxyType = 1;
			remoteGlobalIDString = EC4300EF219DE5D100B5933D;
			remoteInfo = CardSort;
		};
/* End PBXContainerItemProxy section */

/* Begin PBXFileReference section */
		EC060C5D219E0A2600BF9922 /* SuitSort.swift */ = {isa = PBXFileReference; fileEncoding = 4; lastKnownFileType = sourcecode.swift; path = SuitSort.swift; sourceTree = "<group>"; };
		EC060C5E219E0A2600BF9922 /* SortAlgorithms.swift */ = {isa = PBXFileReference; fileEncoding = 4; lastKnownFileType = sourcecode.swift; path = SortAlgorithms.swift; sourceTree = "<group>"; };
		EC060C5F219E0A2600BF9922 /* SortProtocol.swift */ = {isa = PBXFileReference; fileEncoding = 4; lastKnownFileType = sourcecode.swift; path = SortProtocol.swift; sourceTree = "<group>"; };
		EC060C60219E0A2600BF9922 /* SerialSort.swift */ = {isa = PBXFileReference; fileEncoding = 4; lastKnownFileType = sourcecode.swift; path = SerialSort.swift; sourceTree = "<group>"; };
		EC060C61219E0A2600BF9922 /* SmartSort.swift */ = {isa = PBXFileReference; fileEncoding = 4; lastKnownFileType = sourcecode.swift; path = SmartSort.swift; sourceTree = "<group>"; };
		EC060C68219E0A6800BF9922 /* Assets.xcassets */ = {isa = PBXFileReference; lastKnownFileType = folder.assetcatalog; path = Assets.xcassets; sourceTree = "<group>"; };
		EC060C6A219E0A6800BF9922 /* AppDelegate.swift */ = {isa = PBXFileReference; fileEncoding = 4; lastKnownFileType = sourcecode.swift; path = AppDelegate.swift; sourceTree = "<group>"; };
		EC060C6E219E0A9400BF9922 /* LaunchScreen.storyboard */ = {isa = PBXFileReference; fileEncoding = 4; lastKnownFileType = file.storyboard; path = LaunchScreen.storyboard; sourceTree = "<group>"; };
		EC060C6F219E0A9400BF9922 /* Main.storyboard */ = {isa = PBXFileReference; fileEncoding = 4; lastKnownFileType = file.storyboard; path = Main.storyboard; sourceTree = "<group>"; };
		EC060C73219E0AAC00BF9922 /* DeckViewController.swift */ = {isa = PBXFileReference; fileEncoding = 4; lastKnownFileType = sourcecode.swift; path = DeckViewController.swift; sourceTree = "<group>"; };
		EC060C75219E385300BF9922 /* CGPoint.swift */ = {isa = PBXFileReference; lastKnownFileType = sourcecode.swift; path = CGPoint.swift; sourceTree = "<group>"; };
		EC4300F0219DE5D100B5933D /* CardSort.app */ = {isa = PBXFileReference; explicitFileType = wrapper.application; includeInIndex = 0; path = CardSort.app; sourceTree = BUILT_PRODUCTS_DIR; };
		EC4300FF219DE5D300B5933D /* Info.plist */ = {isa = PBXFileReference; lastKnownFileType = text.plist.xml; path = Info.plist; sourceTree = "<group>"; };
		EC430104219DE5D300B5933D /* CardSortTests.xctest */ = {isa = PBXFileReference; explicitFileType = wrapper.cfbundle; includeInIndex = 0; path = CardSortTests.xctest; sourceTree = BUILT_PRODUCTS_DIR; };
		EC430108219DE5D300B5933D /* CardSortTests.swift */ = {isa = PBXFileReference; lastKnownFileType = sourcecode.swift; path = CardSortTests.swift; sourceTree = "<group>"; };
		EC43010A219DE5D300B5933D /* Info.plist */ = {isa = PBXFileReference; lastKnownFileType = text.plist.xml; path = Info.plist; sourceTree = "<group>"; };
		EC430116219DE60B00B5933D /* Dealor.swift */ = {isa = PBXFileReference; fileEncoding = 4; lastKnownFileType = sourcecode.swift; path = Dealor.swift; sourceTree = "<group>"; };
		EC430117219DE60B00B5933D /* Card.swift */ = {isa = PBXFileReference; fileEncoding = 4; lastKnownFileType = sourcecode.swift; path = Card.swift; sourceTree = "<group>"; };
		EC430118219DE60B00B5933D /* CardType.swift */ = {isa = PBXFileReference; fileEncoding = 4; lastKnownFileType = sourcecode.swift; path = CardType.swift; sourceTree = "<group>"; };
		EC43011F219DE60B00B5933D /* Array.swift */ = {isa = PBXFileReference; fileEncoding = 4; lastKnownFileType = sourcecode.swift; path = Array.swift; sourceTree = "<group>"; };
		EC43012E219DE95C00B5933D /* CardView.swift */ = {isa = PBXFileReference; fileEncoding = 4; lastKnownFileType = sourcecode.swift; path = CardView.swift; sourceTree = "<group>"; };
		EC43012F219DE95C00B5933D /* CardView.xib */ = {isa = PBXFileReference; fileEncoding = 4; lastKnownFileType = file.xib; path = CardView.xib; sourceTree = "<group>"; };
/* End PBXFileReference section */

/* Begin PBXFrameworksBuildPhase section */
		EC4300ED219DE5D100B5933D /* Frameworks */ = {
			isa = PBXFrameworksBuildPhase;
			buildActionMask = 2147483647;
			files = (
			);
			runOnlyForDeploymentPostprocessing = 0;
		};
		EC430101219DE5D300B5933D /* Frameworks */ = {
			isa = PBXFrameworksBuildPhase;
			buildActionMask = 2147483647;
			files = (
			);
			runOnlyForDeploymentPostprocessing = 0;
		};
/* End PBXFrameworksBuildPhase section */

/* Begin PBXGroup section */
		EC060C5C219E0A2600BF9922 /* Algorithms */ = {
			isa = PBXGroup;
			children = (
				EC060C5E219E0A2600BF9922 /* SortAlgorithms.swift */,
				EC060C5F219E0A2600BF9922 /* SortProtocol.swift */,
				EC060C60219E0A2600BF9922 /* SerialSort.swift */,
				EC060C5D219E0A2600BF9922 /* SuitSort.swift */,
				EC060C61219E0A2600BF9922 /* SmartSort.swift */,
			);
			path = Algorithms;
			sourceTree = "<group>";
		};
		EC060C67219E0A6800BF9922 /* Assets */ = {
			isa = PBXGroup;
			children = (
				EC060C68219E0A6800BF9922 /* Assets.xcassets */,
			);
			path = Assets;
			sourceTree = "<group>";
		};
		EC060C69219E0A6800BF9922 /* Application */ = {
			isa = PBXGroup;
			children = (
				EC060C6A219E0A6800BF9922 /* AppDelegate.swift */,
			);
			path = Application;
			sourceTree = "<group>";
		};
		EC060C6D219E0A9400BF9922 /* StoryBoard */ = {
			isa = PBXGroup;
			children = (
				EC060C6E219E0A9400BF9922 /* LaunchScreen.storyboard */,
				EC060C6F219E0A9400BF9922 /* Main.storyboard */,
			);
			path = StoryBoard;
			sourceTree = "<group>";
		};
		EC060C72219E0AAC00BF9922 /* Controllers */ = {
			isa = PBXGroup;
			children = (
				EC060C73219E0AAC00BF9922 /* DeckViewController.swift */,
			);
			path = Controllers;
			sourceTree = "<group>";
		};
		EC4300E7219DE5D100B5933D = {
			isa = PBXGroup;
			children = (
				EC4300F2219DE5D100B5933D /* CardSort */,
				EC430107219DE5D300B5933D /* CardSortTests */,
				EC4300F1219DE5D100B5933D /* Products */,
			);
			sourceTree = "<group>";
		};
		EC4300F1219DE5D100B5933D /* Products */ = {
			isa = PBXGroup;
			children = (
				EC4300F0219DE5D100B5933D /* CardSort.app */,
				EC430104219DE5D300B5933D /* CardSortTests.xctest */,
			);
			name = Products;
			sourceTree = "<group>";
		};
		EC4300F2219DE5D100B5933D /* CardSort */ = {
			isa = PBXGroup;
			children = (
				EC060C5C219E0A2600BF9922 /* Algorithms */,
				EC060C69219E0A6800BF9922 /* Application */,
				EC060C67219E0A6800BF9922 /* Assets */,
				EC060C72219E0AAC00BF9922 /* Controllers */,
				EC43011E219DE60B00B5933D /* Extensions */,
				EC4300FF219DE5D300B5933D /* Info.plist */,
				EC430113219DE60B00B5933D /* Models */,
				EC060C6D219E0A9400BF9922 /* StoryBoard */,
				EC43012D219DE95C00B5933D /* Views */,
			);
			path = CardSort;
			sourceTree = "<group>";
		};
		EC430107219DE5D300B5933D /* CardSortTests */ = {
			isa = PBXGroup;
			children = (
				EC430108219DE5D300B5933D /* CardSortTests.swift */,
				EC43010A219DE5D300B5933D /* Info.plist */,
			);
			path = CardSortTests;
			sourceTree = "<group>";
		};
		EC430113219DE60B00B5933D /* Models */ = {
			isa = PBXGroup;
			children = (
				EC430116219DE60B00B5933D /* Dealor.swift */,
				EC430117219DE60B00B5933D /* Card.swift */,
				EC430118219DE60B00B5933D /* CardType.swift */,
			);
			path = Models;
			sourceTree = "<group>";
		};
		EC43011E219DE60B00B5933D /* Extensions */ = {
			isa = PBXGroup;
			children = (
				EC43011F219DE60B00B5933D /* Array.swift */,
				EC060C75219E385300BF9922 /* CGPoint.swift */,
			);
			path = Extensions;
			sourceTree = "<group>";
		};
		EC43012D219DE95C00B5933D /* Views */ = {
			isa = PBXGroup;
			children = (
				EC43012E219DE95C00B5933D /* CardView.swift */,
				EC43012F219DE95C00B5933D /* CardView.xib */,
			);
			path = Views;
			sourceTree = "<group>";
		};
/* End PBXGroup section */

/* Begin PBXNativeTarget section */
		EC4300EF219DE5D100B5933D /* CardSort */ = {
			isa = PBXNativeTarget;
			buildConfigurationList = EC43010D219DE5D300B5933D /* Build configuration list for PBXNativeTarget "CardSort" */;
			buildPhases = (
				EC4300EC219DE5D100B5933D /* Sources */,
				EC4300ED219DE5D100B5933D /* Frameworks */,
				EC4300EE219DE5D100B5933D /* Resources */,
			);
			buildRules = (
			);
			dependencies = (
			);
			name = CardSort;
			productName = CardSort;
			productReference = EC4300F0219DE5D100B5933D /* CardSort.app */;
			productType = "com.apple.product-type.application";
		};
		EC430103219DE5D300B5933D /* CardSortTests */ = {
			isa = PBXNativeTarget;
			buildConfigurationList = EC430110219DE5D300B5933D /* Build configuration list for PBXNativeTarget "CardSortTests" */;
			buildPhases = (
				EC430100219DE5D300B5933D /* Sources */,
				EC430101219DE5D300B5933D /* Frameworks */,
				EC430102219DE5D300B5933D /* Resources */,
			);
			buildRules = (
			);
			dependencies = (
				EC430106219DE5D300B5933D /* PBXTargetDependency */,
			);
			name = CardSortTests;
			productName = CardSortTests;
			productReference = EC430104219DE5D300B5933D /* CardSortTests.xctest */;
			productType = "com.apple.product-type.bundle.unit-test";
		};
/* End PBXNativeTarget section */

/* Begin PBXProject section */
		EC4300E8219DE5D100B5933D /* Project object */ = {
			isa = PBXProject;
			attributes = {
				LastSwiftUpdateCheck = 1010;
				LastUpgradeCheck = 1010;
				ORGANIZATIONNAME = "Omer Karayel";
				TargetAttributes = {
					EC4300EF219DE5D100B5933D = {
						CreatedOnToolsVersion = 10.1;
					};
					EC430103219DE5D300B5933D = {
						CreatedOnToolsVersion = 10.1;
						TestTargetID = EC4300EF219DE5D100B5933D;
					};
				};
			};
			buildConfigurationList = EC4300EB219DE5D100B5933D /* Build configuration list for PBXProject "CardSort" */;
			compatibilityVersion = "Xcode 9.3";
			developmentRegion = en;
			hasScannedForEncodings = 0;
			knownRegions = (
				en,
				Base,
			);
			mainGroup = EC4300E7219DE5D100B5933D;
			productRefGroup = EC4300F1219DE5D100B5933D /* Products */;
			projectDirPath = "";
			projectRoot = "";
			targets = (
				EC4300EF219DE5D100B5933D /* CardSort */,
				EC430103219DE5D300B5933D /* CardSortTests */,
			);
		};
/* End PBXProject section */

/* Begin PBXResourcesBuildPhase section */
		EC4300EE219DE5D100B5933D /* Resources */ = {
			isa = PBXResourcesBuildPhase;
			buildActionMask = 2147483647;
			files = (
				EC060C70219E0A9400BF9922 /* LaunchScreen.storyboard in Resources */,
				EC430131219DE95C00B5933D /* CardView.xib in Resources */,
				EC060C6B219E0A6800BF9922 /* Assets.xcassets in Resources */,
				EC060C71219E0A9400BF9922 /* Main.storyboard in Resources */,
			);
			runOnlyForDeploymentPostprocessing = 0;
		};
		EC430102219DE5D300B5933D /* Resources */ = {
			isa = PBXResourcesBuildPhase;
			buildActionMask = 2147483647;
			files = (
			);
			runOnlyForDeploymentPostprocessing = 0;
		};
/* End PBXResourcesBuildPhase section */

/* Begin PBXSourcesBuildPhase section */
		EC4300EC219DE5D100B5933D /* Sources */ = {
			isa = PBXSourcesBuildPhase;
			buildActionMask = 2147483647;
			files = (
				EC430122219DE60B00B5933D /* Dealor.swift in Sources */,
				EC430123219DE60B00B5933D /* Card.swift in Sources */,
				EC430124219DE60B00B5933D /* CardType.swift in Sources */,
				EC060C63219E0A2600BF9922 /* SortAlgorithms.swift in Sources */,
				EC060C74219E0AAC00BF9922 /* DeckViewController.swift in Sources */,
				EC060C62219E0A2600BF9922 /* SuitSort.swift in Sources */,
				EC060C65219E0A2600BF9922 /* SerialSort.swift in Sources */,
				EC060C76219E385300BF9922 /* CGPoint.swift in Sources */,
				EC060C6C219E0A6800BF9922 /* AppDelegate.swift in Sources */,
				EC43012A219DE60B00B5933D /* Array.swift in Sources */,
				EC060C64219E0A2600BF9922 /* SortProtocol.swift in Sources */,
				EC060C66219E0A2600BF9922 /* SmartSort.swift in Sources */,
				EC430130219DE95C00B5933D /* CardView.swift in Sources */,
			);
			runOnlyForDeploymentPostprocessing = 0;
		};
		EC430100219DE5D300B5933D /* Sources */ = {
			isa = PBXSourcesBuildPhase;
			buildActionMask = 2147483647;
			files = (
				EC430109219DE5D300B5933D /* CardSortTests.swift in Sources */,
			);
			runOnlyForDeploymentPostprocessing = 0;
		};
/* End PBXSourcesBuildPhase section */

/* Begin PBXTargetDependency section */
		EC430106219DE5D300B5933D /* PBXTargetDependency */ = {
			isa = PBXTargetDependency;
			target = EC4300EF219DE5D100B5933D /* CardSort */;
			targetProxy = EC430105219DE5D300B5933D /* PBXContainerItemProxy */;
		};
/* End PBXTargetDependency section */

/* Begin XCBuildConfiguration section */
		EC43010B219DE5D300B5933D /* Debug */ = {
			isa = XCBuildConfiguration;
			buildSettings = {
				ALWAYS_SEARCH_USER_PATHS = NO;
				CLANG_ANALYZER_NONNULL = YES;
				CLANG_ANALYZER_NUMBER_OBJECT_CONVERSION = YES_AGGRESSIVE;
				CLANG_CXX_LANGUAGE_STANDARD = "gnu++14";
				CLANG_CXX_LIBRARY = "libc++";
				CLANG_ENABLE_MODULES = YES;
				CLANG_ENABLE_OBJC_ARC = YES;
				CLANG_ENABLE_OBJC_WEAK = YES;
				CLANG_WARN_BLOCK_CAPTURE_AUTORELEASING = YES;
				CLANG_WARN_BOOL_CONVERSION = YES;
				CLANG_WARN_COMMA = YES;
				CLANG_WARN_CONSTANT_CONVERSION = YES;
				CLANG_WARN_DEPRECATED_OBJC_IMPLEMENTATIONS = YES;
				CLANG_WARN_DIRECT_OBJC_ISA_USAGE = YES_ERROR;
				CLANG_WARN_DOCUMENTATION_COMMENTS = YES;
				CLANG_WARN_EMPTY_BODY = YES;
				CLANG_WARN_ENUM_CONVERSION = YES;
				CLANG_WARN_INFINITE_RECURSION = YES;
				CLANG_WARN_INT_CONVERSION = YES;
				CLANG_WARN_NON_LITERAL_NULL_CONVERSION = YES;
				CLANG_WARN_OBJC_IMPLICIT_RETAIN_SELF = YES;
				CLANG_WARN_OBJC_LITERAL_CONVERSION = YES;
				CLANG_WARN_OBJC_ROOT_CLASS = YES_ERROR;
				CLANG_WARN_RANGE_LOOP_ANALYSIS = YES;
				CLANG_WARN_STRICT_PROTOTYPES = YES;
				CLANG_WARN_SUSPICIOUS_MOVE = YES;
				CLANG_WARN_UNGUARDED_AVAILABILITY = YES_AGGRESSIVE;
				CLANG_WARN_UNREACHABLE_CODE = YES;
				CLANG_WARN__DUPLICATE_METHOD_MATCH = YES;
				CODE_SIGN_IDENTITY = "iPhone Developer";
				COPY_PHASE_STRIP = NO;
				DEBUG_INFORMATION_FORMAT = dwarf;
				ENABLE_STRICT_OBJC_MSGSEND = YES;
				ENABLE_TESTABILITY = YES;
				GCC_C_LANGUAGE_STANDARD = gnu11;
				GCC_DYNAMIC_NO_PIC = NO;
				GCC_NO_COMMON_BLOCKS = YES;
				GCC_OPTIMIZATION_LEVEL = 0;
				GCC_PREPROCESSOR_DEFINITIONS = (
					"DEBUG=1",
					"$(inherited)",
				);
				GCC_WARN_64_TO_32_BIT_CONVERSION = YES;
				GCC_WARN_ABOUT_RETURN_TYPE = YES_ERROR;
				GCC_WARN_UNDECLARED_SELECTOR = YES;
				GCC_WARN_UNINITIALIZED_AUTOS = YES_AGGRESSIVE;
				GCC_WARN_UNUSED_FUNCTION = YES;
				GCC_WARN_UNUSED_VARIABLE = YES;
				IPHONEOS_DEPLOYMENT_TARGET = 12.1;
				MTL_ENABLE_DEBUG_INFO = INCLUDE_SOURCE;
				MTL_FAST_MATH = YES;
				ONLY_ACTIVE_ARCH = YES;
				SDKROOT = iphoneos;
				SWIFT_ACTIVE_COMPILATION_CONDITIONS = DEBUG;
				SWIFT_OPTIMIZATION_LEVEL = "-Onone";
			};
			name = Debug;
		};
		EC43010C219DE5D300B5933D /* Release */ = {
			isa = XCBuildConfiguration;
			buildSettings = {
				ALWAYS_SEARCH_USER_PATHS = NO;
				CLANG_ANALYZER_NONNULL = YES;
				CLANG_ANALYZER_NUMBER_OBJECT_CONVERSION = YES_AGGRESSIVE;
				CLANG_CXX_LANGUAGE_STANDARD = "gnu++14";
				CLANG_CXX_LIBRARY = "libc++";
				CLANG_ENABLE_MODULES = YES;
				CLANG_ENABLE_OBJC_ARC = YES;
				CLANG_ENABLE_OBJC_WEAK = YES;
				CLANG_WARN_BLOCK_CAPTURE_AUTORELEASING = YES;
				CLANG_WARN_BOOL_CONVERSION = YES;
				CLANG_WARN_COMMA = YES;
				CLANG_WARN_CONSTANT_CONVERSION = YES;
				CLANG_WARN_DEPRECATED_OBJC_IMPLEMENTATIONS = YES;
				CLANG_WARN_DIRECT_OBJC_ISA_USAGE = YES_ERROR;
				CLANG_WARN_DOCUMENTATION_COMMENTS = YES;
				CLANG_WARN_EMPTY_BODY = YES;
				CLANG_WARN_ENUM_CONVERSION = YES;
				CLANG_WARN_INFINITE_RECURSION = YES;
				CLANG_WARN_INT_CONVERSION = YES;
				CLANG_WARN_NON_LITERAL_NULL_CONVERSION = YES;
				CLANG_WARN_OBJC_IMPLICIT_RETAIN_SELF = YES;
				CLANG_WARN_OBJC_LITERAL_CONVERSION = YES;
				CLANG_WARN_OBJC_ROOT_CLASS = YES_ERROR;
				CLANG_WARN_RANGE_LOOP_ANALYSIS = YES;
				CLANG_WARN_STRICT_PROTOTYPES = YES;
				CLANG_WARN_SUSPICIOUS_MOVE = YES;
				CLANG_WARN_UNGUARDED_AVAILABILITY = YES_AGGRESSIVE;
				CLANG_WARN_UNREACHABLE_CODE = YES;
				CLANG_WARN__DUPLICATE_METHOD_MATCH = YES;
				CODE_SIGN_IDENTITY = "iPhone Developer";
				COPY_PHASE_STRIP = NO;
				DEBUG_INFORMATION_FORMAT = "dwarf-with-dsym";
				ENABLE_NS_ASSERTIONS = NO;
				ENABLE_STRICT_OBJC_MSGSEND = YES;
				GCC_C_LANGUAGE_STANDARD = gnu11;
				GCC_NO_COMMON_BLOCKS = YES;
				GCC_WARN_64_TO_32_BIT_CONVERSION = YES;
				GCC_WARN_ABOUT_RETURN_TYPE = YES_ERROR;
				GCC_WARN_UNDECLARED_SELECTOR = YES;
				GCC_WARN_UNINITIALIZED_AUTOS = YES_AGGRESSIVE;
				GCC_WARN_UNUSED_FUNCTION = YES;
				GCC_WARN_UNUSED_VARIABLE = YES;
				IPHONEOS_DEPLOYMENT_TARGET = 12.1;
				MTL_ENABLE_DEBUG_INFO = NO;
				MTL_FAST_MATH = YES;
				SDKROOT = iphoneos;
				SWIFT_COMPILATION_MODE = wholemodule;
				SWIFT_OPTIMIZATION_LEVEL = "-O";
				VALIDATE_PRODUCT = YES;
			};
			name = Release;
		};
		EC43010E219DE5D300B5933D /* Debug */ = {
			isa = XCBuildConfiguration;
			buildSettings = {
				ASSETCATALOG_COMPILER_APPICON_NAME = AppIcon;
				CODE_SIGN_STYLE = Automatic;
				DEVELOPMENT_TEAM = 7LSHWQE3M7;
				INFOPLIST_FILE = CardSort/Info.plist;
				IPHONEOS_DEPLOYMENT_TARGET = 9.0;
				LD_RUNPATH_SEARCH_PATHS = (
					"$(inherited)",
					"@executable_path/Frameworks",
				);
				PRODUCT_BUNDLE_IDENTIFIER = com.kryl.CardSort;
				PRODUCT_NAME = "$(TARGET_NAME)";
				SWIFT_VERSION = 4.2;
				TARGETED_DEVICE_FAMILY = "1,2";
			};
			name = Debug;
		};
		EC43010F219DE5D300B5933D /* Release */ = {
			isa = XCBuildConfiguration;
			buildSettings = {
				ASSETCATALOG_COMPILER_APPICON_NAME = AppIcon;
				CODE_SIGN_STYLE = Automatic;
				DEVELOPMENT_TEAM = 7LSHWQE3M7;
				INFOPLIST_FILE = CardSort/Info.plist;
				IPHONEOS_DEPLOYMENT_TARGET = 9.0;
				LD_RUNPATH_SEARCH_PATHS = (
					"$(inherited)",
					"@executable_path/Frameworks",
				);
				PRODUCT_BUNDLE_IDENTIFIER = com.kryl.CardSort;
				PRODUCT_NAME = "$(TARGET_NAME)";
				SWIFT_VERSION = 4.2;
				TARGETED_DEVICE_FAMILY = "1,2";
			};
			name = Release;
		};
		EC430111219DE5D300B5933D /* Debug */ = {
			isa = XCBuildConfiguration;
			buildSettings = {
				ALWAYS_EMBED_SWIFT_STANDARD_LIBRARIES = YES;
				BUNDLE_LOADER = "$(TEST_HOST)";
				CODE_SIGN_STYLE = Automatic;
				INFOPLIST_FILE = CardSortTests/Info.plist;
				LD_RUNPATH_SEARCH_PATHS = (
					"$(inherited)",
					"@executable_path/Frameworks",
					"@loader_path/Frameworks",
				);
				PRODUCT_BUNDLE_IDENTIFIER = com.kryl.CardSortTests;
				PRODUCT_NAME = "$(TARGET_NAME)";
				SWIFT_VERSION = 4.2;
				TARGETED_DEVICE_FAMILY = "1,2";
				TEST_HOST = "$(BUILT_PRODUCTS_DIR)/CardSort.app/CardSort";
			};
			name = Debug;
		};
		EC430112219DE5D300B5933D /* Release */ = {
			isa = XCBuildConfiguration;
			buildSettings = {
				ALWAYS_EMBED_SWIFT_STANDARD_LIBRARIES = YES;
				BUNDLE_LOADER = "$(TEST_HOST)";
				CODE_SIGN_STYLE = Automatic;
				INFOPLIST_FILE = CardSortTests/Info.plist;
				LD_RUNPATH_SEARCH_PATHS = (
					"$(inherited)",
					"@executable_path/Frameworks",
					"@loader_path/Frameworks",
				);
				PRODUCT_BUNDLE_IDENTIFIER = com.kryl.CardSortTests;
				PRODUCT_NAME = "$(TARGET_NAME)";
				SWIFT_VERSION = 4.2;
				TARGETED_DEVICE_FAMILY = "1,2";
				TEST_HOST = "$(BUILT_PRODUCTS_DIR)/CardSort.app/CardSort";
			};
			name = Release;
		};
/* End XCBuildConfiguration section */

/* Begin XCConfigurationList section */
		EC4300EB219DE5D100B5933D /* Build configuration list for PBXProject "CardSort" */ = {
			isa = XCConfigurationList;
			buildConfigurations = (
				EC43010B219DE5D300B5933D /* Debug */,
				EC43010C219DE5D300B5933D /* Release */,
			);
			defaultConfigurationIsVisible = 0;
			defaultConfigurationName = Release;
		};
		EC43010D219DE5D300B5933D /* Build configuration list for PBXNativeTarget "CardSort" */ = {
			isa = XCConfigurationList;
			buildConfigurations = (
				EC43010E219DE5D300B5933D /* Debug */,
				EC43010F219DE5D300B5933D /* Release */,
			);
			defaultConfigurationIsVisible = 0;
			defaultConfigurationName = Release;
		};
		EC430110219DE5D300B5933D /* Build configuration list for PBXNativeTarget "CardSortTests" */ = {
			isa = XCConfigurationList;
			buildConfigurations = (
				EC430111219DE5D300B5933D /* Debug */,
				EC430112219DE5D300B5933D /* Release */,
			);
			defaultConfigurationIsVisible = 0;
			defaultConfigurationName = Release;
		};
/* End XCConfigurationList section */
	};
	rootObject = EC4300E8219DE5D100B5933D /* Project object */;
}
